
Microsoft Visual Studio Solution File, Format Version 12.00
# Visual Studio Version 17
VisualStudioVersion = 17.7.34031.279
MinimumVisualStudioVersion = 10.0.40219.1
Project("{9A19103F-16F7-4668-BE54-9A1E7A4F7556}") = "HW01-2024", "HW01-2024\HW01-2024.csproj", "{0EDC0707-358C-41CE-AA74-1F8834A3A4B7}"
EndProject
Project("{2150E333-8FDC-42A3-9474-1A3956D46DE8}") = "Solution Items", "Solution Items", "{3369F252-DDC8-49DA-A70D-93AE615ECC33}"
EndProject
Project("{FAE04EC0-301F-11D3-BF4B-00C04F79EFBC}") = "TestProject1", "TestProject1\TestProject1.csproj", "{49D16C6F-7285-4F19-8E4E-7C76233BBC5F}"
EndProject
Global
	GlobalSection(SolutionConfigurationPlatforms) = preSolution
		Debug|Any CPU = Debug|Any CPU
		Release|Any CPU = Release|Any CPU
	EndGlobalSection
	GlobalSection(ProjectConfigurationPlatforms) = postSolution
		{0EDC0707-358C-41CE-AA74-1F8834A3A4B7}.Debug|Any CPU.ActiveCfg = Debug|Any CPU
		{0EDC0707-358C-41CE-AA74-1F8834A3A4B7}.Debug|Any CPU.Build.0 = Debug|Any CPU
		{0EDC0707-358C-41CE-AA74-1F8834A3A4B7}.Release|Any CPU.ActiveCfg = Release|Any CPU
		{0EDC0707-358C-41CE-AA74-1F8834A3A4B7}.Release|Any CPU.Build.0 = Release|Any CPU
		{49D16C6F-7285-4F19-8E4E-7C76233BBC5F}.Debug|Any CPU.ActiveCfg = Debug|Any CPU
		{49D16C6F-7285-4F19-8E4E-7C76233BBC5F}.Debug|Any CPU.Build.0 = Debug|Any CPU
		{49D16C6F-7285-4F19-8E4E-7C76233BBC5F}.Release|Any CPU.ActiveCfg = Release|Any CPU
		{49D16C6F-7285-4F19-8E4E-7C76233BBC5F}.Release|Any CPU.Build.0 = Release|Any CPU
	EndGlobalSection
	GlobalSection(SolutionProperties) = preSolution
		HideSolutionNode = FALSE
	EndGlobalSection
	GlobalSection(ExtensibilityGlobals) = postSolution
		SolutionGuid = {0A7DF7D9-2FF5-479B-B12E-430C55179BBA}
	EndGlobalSection
EndGlobal
